{
  "name": "bot_manager_backend",
  "version": "1.0.0",
  "lockfileVersion": 3,
  "requires": true,
  "packages": {
    "": {
      "name": "bot_manager_backend",
      "version": "1.0.0",
      "license": "ISC",
      "dependencies": {
        "mineflayer": "file:../../engine",
        "ws": "^8.17.0"
      }
    },
    "../../engine": {
      "name": "mineflayer",
      "version": "4.27.0",
      "license": "MIT",
      "dependencies": {
        "@nxg-org/mineflayer-physics-util": "^1.8.6",
        "minecraft-data": "^3.76.0",
        "minecraft-protocol": "^1.51.0",
        "prismarine-biome": "^1.1.1",
        "prismarine-block": "^1.17.0",
        "prismarine-chat": "^1.7.1",
        "prismarine-chunk": "^1.36.0",
        "prismarine-entity": "^2.5.0",
        "prismarine-item": "^1.15.0",
        "prismarine-nbt": "^2.0.0",
        "prismarine-physics": "^1.9.0",
        "prismarine-recipe": "^1.3.0",
        "prismarine-registry": "^1.10.0",
        "prismarine-windows": "^2.9.0",
        "prismarine-world": "^3.6.0",
        "protodef": "^1.18.0",
        "typed-emitter": "^1.0.0",
        "vec3": "^0.1.7"
      },
      "devDependencies": {
        "@types/node": "^22.1.0",
        "doctoc": "^2.0.1",
        "minecraft-wrap": "^1.3.0",
        "mineflayer": "file:.",
        "mocha": "^11.0.1",
        "protodef-yaml": "^1.5.3",
        "standard": "^17.0.0",
        "standard-markdown": "^7.1.0",
        "typescript": "^5.4.5"
      },
      "engines": {
        "node": ">=22"
      }
    },
    "node_modules/mineflayer": {
      "resolved": "../../engine",
      "link": true
    },
    "node_modules/ws": {
      "version": "8.18.1",
      "resolved": "https://registry.npmjs.org/ws/-/ws-8.18.1.tgz",
      "integrity": "sha512-RKW2aJZMXeMxVpnZ6bck+RswznaxmzdULiBr6KY7XkTnW8uvt0iT9H5DkHUChXrc+uurzwa0rVI16n/Xzjdz1w==",
      "license": "MIT",
      "engines": {
        "node": ">=10.0.0"
      },
      "peerDependencies": {
        "bufferutil": "^4.0.1",
        "utf-8-validate": ">=5.0.2"
      },
      "peerDependenciesMeta": {
        "bufferutil": {
          "optional": true
        },
        "utf-8-validate": {
          "optional": true
        }
      }
    }
  }
}
